
Microsoft Visual Studio Solution File, Format Version 12.00
# Visual Studio Version 17
VisualStudioVersion = 17.5.002.0
MinimumVisualStudioVersion = 10.0.40219.1
Project("{9A19103F-16F7-4668-BE54-9A1E7A4F7556}") = "HelloWorldApp.web", "HelloWorldApp.web.csproj", "{67C530C5-D350-443A-BD0D-EB3AD7C0111E}"
EndProject
Global
	GlobalSection(SolutionConfigurationPlatforms) = preSolution
		Debug|Any CPU = Debug|Any CPU
		Release|Any CPU = Release|Any CPU
	EndGlobalSection
	GlobalSection(ProjectConfigurationPlatforms) = postSolution
		{67C530C5-D350-443A-BD0D-EB3AD7C0111E}.Debug|Any CPU.ActiveCfg = Debug|Any CPU
		{67C530C5-D350-443A-BD0D-EB3AD7C0111E}.Debug|Any CPU.Build.0 = Debug|Any CPU
		{67C530C5-D350-443A-BD0D-EB3AD7C0111E}.Release|Any CPU.ActiveCfg = Release|Any CPU
		{67C530C5-D350-443A-BD0D-EB3AD7C0111E}.Release|Any CPU.Build.0 = Release|Any CPU
	EndGlobalSection
	GlobalSection(SolutionProperties) = preSolution
		HideSolutionNode = FALSE
	EndGlobalSection
	GlobalSection(ExtensibilityGlobals) = postSolution
		SolutionGuid = {2BDBA56B-CE05-4999-AE39-120687C85B6F}
	EndGlobalSection
EndGlobal
